
Microsoft Visual Studio Solution File, Format Version 12.00
# Visual Studio Version 17
VisualStudioVersion = 17.13.35825.156 d17.13
MinimumVisualStudioVersion = 10.0.40219.1
Project("{FAE04EC0-301F-11D3-BF4B-00C04F79EFBC}") = "Bxcp.Tests", "Bxcp.Tests\Bxcp.Tests.csproj", "{4C2AC42A-38DE-494C-9E79-47CF35ACD4AB}"
EndProject
Project("{FAE04EC0-301F-11D3-BF4B-00C04F79EFBC}") = "Bxcp.Domain", "Bxcp.Domain\Bxcp.Domain.csproj", "{A881473F-F1A4-4AA7-B530-E4CB66FA552C}"
EndProject
Project("{FAE04EC0-301F-11D3-BF4B-00C04F79EFBC}") = "Bxcp.Application", "Bxcp.Application\Bxcp.Application.csproj", "{A8EF39B8-111F-4697-B1B9-4D291449BBC2}"
EndProject
Project("{FAE04EC0-301F-11D3-BF4B-00C04F79EFBC}") = "Bxcp.Infrastructure", "Bxcp.Infrastructure\Bxcp.Infrastructure.csproj", "{5B4C0611-812C-45C6-93D5-20CBEA708418}"
EndProject
Global
	GlobalSection(SolutionConfigurationPlatforms) = preSolution
		Debug|Any CPU = Debug|Any CPU
		Release|Any CPU = Release|Any CPU
	EndGlobalSection
	GlobalSection(ProjectConfigurationPlatforms) = postSolution
		{4C2AC42A-38DE-494C-9E79-47CF35ACD4AB}.Debug|Any CPU.ActiveCfg = Debug|Any CPU
		{4C2AC42A-38DE-494C-9E79-47CF35ACD4AB}.Debug|Any CPU.Build.0 = Debug|Any CPU
		{4C2AC42A-38DE-494C-9E79-47CF35ACD4AB}.Release|Any CPU.ActiveCfg = Release|Any CPU
		{4C2AC42A-38DE-494C-9E79-47CF35ACD4AB}.Release|Any CPU.Build.0 = Release|Any CPU
		{A881473F-F1A4-4AA7-B530-E4CB66FA552C}.Debug|Any CPU.ActiveCfg = Debug|Any CPU
		{A881473F-F1A4-4AA7-B530-E4CB66FA552C}.Debug|Any CPU.Build.0 = Debug|Any CPU
		{A881473F-F1A4-4AA7-B530-E4CB66FA552C}.Release|Any CPU.ActiveCfg = Release|Any CPU
		{A881473F-F1A4-4AA7-B530-E4CB66FA552C}.Release|Any CPU.Build.0 = Release|Any CPU
		{A8EF39B8-111F-4697-B1B9-4D291449BBC2}.Debug|Any CPU.ActiveCfg = Debug|Any CPU
		{A8EF39B8-111F-4697-B1B9-4D291449BBC2}.Debug|Any CPU.Build.0 = Debug|Any CPU
		{A8EF39B8-111F-4697-B1B9-4D291449BBC2}.Release|Any CPU.ActiveCfg = Release|Any CPU
		{A8EF39B8-111F-4697-B1B9-4D291449BBC2}.Release|Any CPU.Build.0 = Release|Any CPU
		{5B4C0611-812C-45C6-93D5-20CBEA708418}.Debug|Any CPU.ActiveCfg = Debug|Any CPU
		{5B4C0611-812C-45C6-93D5-20CBEA708418}.Debug|Any CPU.Build.0 = Debug|Any CPU
		{5B4C0611-812C-45C6-93D5-20CBEA708418}.Release|Any CPU.ActiveCfg = Release|Any CPU
		{5B4C0611-812C-45C6-93D5-20CBEA708418}.Release|Any CPU.Build.0 = Release|Any CPU
	EndGlobalSection
	GlobalSection(SolutionProperties) = preSolution
		HideSolutionNode = FALSE
	EndGlobalSection
	GlobalSection(ExtensibilityGlobals) = postSolution
		SolutionGuid = {2BD3F1C7-FA8A-431E-A335-2117844BBD09}
	EndGlobalSection
EndGlobal
